
Microsoft Visual Studio Solution File, Format Version 11.00
# Visual Studio 2010
Project("{FAE04EC0-301F-11D3-BF4B-00C04F79EFBC}") = "PhotonUnityNetworking.Utilities", "PhotonUnityNetworking.Utilities.csproj", "{580B5AA1-23BD-79BE-E7CD-E3EE50582FD2}"
EndProject
Project("{FAE04EC0-301F-11D3-BF4B-00C04F79EFBC}") = "Assembly-CSharp", "Assembly-CSharp.csproj", "{D889FFB8-50A9-0388-19DD-551C4B8582F3}"
EndProject
Project("{FAE04EC0-301F-11D3-BF4B-00C04F79EFBC}") = "PhotonUnityNetworking.Demos", "PhotonUnityNetworking.Demos.csproj", "{E4E25020-1103-5CC7-10C8-F7251A3148D3}"
EndProject
Project("{FAE04EC0-301F-11D3-BF4B-00C04F79EFBC}") = "PhotonUnityNetworking", "PhotonUnityNetworking.csproj", "{35791EC1-EA2A-D521-CFD9-8A96AD851F80}"
EndProject
Project("{FAE04EC0-301F-11D3-BF4B-00C04F79EFBC}") = "PhotonChat", "PhotonChat.csproj", "{6C18996A-2D37-00D1-1D58-C757B5EAB612}"
EndProject
Project("{FAE04EC0-301F-11D3-BF4B-00C04F79EFBC}") = "PhotonRealtime", "PhotonRealtime.csproj", "{3F839A05-703A-2554-FCA8-6D7FC8FF438D}"
EndProject
Project("{FAE04EC0-301F-11D3-BF4B-00C04F79EFBC}") = "PhotonUnityNetworking.Editor", "PhotonUnityNetworking.Editor.csproj", "{0CB14277-BCD8-3FAD-014C-B5246C9919EC}"
EndProject
Project("{FAE04EC0-301F-11D3-BF4B-00C04F79EFBC}") = "PhotonUnityNetworking.Utilities.PhotonPlayer.Editor", "PhotonUnityNetworking.Utilities.PhotonPlayer.Editor.csproj", "{C334D6C5-485C-F122-C40F-D98A0FD8590F}"
EndProject
Project("{FAE04EC0-301F-11D3-BF4B-00C04F79EFBC}") = "PunDemos.DemoSlotcarEditor", "PunDemos.DemoSlotcarEditor.csproj", "{47046BE4-5561-61A7-C3C9-58A408EE0F81}"
EndProject
Project("{FAE04EC0-301F-11D3-BF4B-00C04F79EFBC}") = "PhotonUnityNetworking.Utilities.Culling.Editor", "PhotonUnityNetworking.Utilities.Culling.Editor.csproj", "{524440F1-8FAE-215E-5A39-EEA6C3B6B2D7}"
EndProject
Project("{FAE04EC0-301F-11D3-BF4B-00C04F79EFBC}") = "PunDemos.DemoHubEditor", "PunDemos.DemoHubEditor.csproj", "{66A049B4-3073-A1FE-A9DA-9AE0FF88E5C6}"
EndProject
Global
	GlobalSection(SolutionConfigurationPlatforms) = preSolution
		Debug|Any CPU = Debug|Any CPU
		Release|Any CPU = Release|Any CPU
	EndGlobalSection
	GlobalSection(ProjectConfigurationPlatforms) = postSolution
		{580B5AA1-23BD-79BE-E7CD-E3EE50582FD2}.Debug|Any CPU.ActiveCfg = Debug|Any CPU
		{580B5AA1-23BD-79BE-E7CD-E3EE50582FD2}.Debug|Any CPU.Build.0 = Debug|Any CPU
		{580B5AA1-23BD-79BE-E7CD-E3EE50582FD2}.Release|Any CPU.ActiveCfg = Release|Any CPU
		{580B5AA1-23BD-79BE-E7CD-E3EE50582FD2}.Release|Any CPU.Build.0 = Release|Any CPU
		{D889FFB8-50A9-0388-19DD-551C4B8582F3}.Debug|Any CPU.ActiveCfg = Debug|Any CPU
		{D889FFB8-50A9-0388-19DD-551C4B8582F3}.Debug|Any CPU.Build.0 = Debug|Any CPU
		{D889FFB8-50A9-0388-19DD-551C4B8582F3}.Release|Any CPU.ActiveCfg = Release|Any CPU
		{D889FFB8-50A9-0388-19DD-551C4B8582F3}.Release|Any CPU.Build.0 = Release|Any CPU
		{E4E25020-1103-5CC7-10C8-F7251A3148D3}.Debug|Any CPU.ActiveCfg = Debug|Any CPU
		{E4E25020-1103-5CC7-10C8-F7251A3148D3}.Debug|Any CPU.Build.0 = Debug|Any CPU
		{E4E25020-1103-5CC7-10C8-F7251A3148D3}.Release|Any CPU.ActiveCfg = Release|Any CPU
		{E4E25020-1103-5CC7-10C8-F7251A3148D3}.Release|Any CPU.Build.0 = Release|Any CPU
		{35791EC1-EA2A-D521-CFD9-8A96AD851F80}.Debug|Any CPU.ActiveCfg = Debug|Any CPU
		{35791EC1-EA2A-D521-CFD9-8A96AD851F80}.Debug|Any CPU.Build.0 = Debug|Any CPU
		{35791EC1-EA2A-D521-CFD9-8A96AD851F80}.Release|Any CPU.ActiveCfg = Release|Any CPU
		{35791EC1-EA2A-D521-CFD9-8A96AD851F80}.Release|Any CPU.Build.0 = Release|Any CPU
		{6C18996A-2D37-00D1-1D58-C757B5EAB612}.Debug|Any CPU.ActiveCfg = Debug|Any CPU
		{6C18996A-2D37-00D1-1D58-C757B5EAB612}.Debug|Any CPU.Build.0 = Debug|Any CPU
		{6C18996A-2D37-00D1-1D58-C757B5EAB612}.Release|Any CPU.ActiveCfg = Release|Any CPU
		{6C18996A-2D37-00D1-1D58-C757B5EAB612}.Release|Any CPU.Build.0 = Release|Any CPU
		{3F839A05-703A-2554-FCA8-6D7FC8FF438D}.Debug|Any CPU.ActiveCfg = Debug|Any CPU
		{3F839A05-703A-2554-FCA8-6D7FC8FF438D}.Debug|Any CPU.Build.0 = Debug|Any CPU
		{3F839A05-703A-2554-FCA8-6D7FC8FF438D}.Release|Any CPU.ActiveCfg = Release|Any CPU
		{3F839A05-703A-2554-FCA8-6D7FC8FF438D}.Release|Any CPU.Build.0 = Release|Any CPU
		{0CB14277-BCD8-3FAD-014C-B5246C9919EC}.Debug|Any CPU.ActiveCfg = Debug|Any CPU
		{0CB14277-BCD8-3FAD-014C-B5246C9919EC}.Debug|Any CPU.Build.0 = Debug|Any CPU
		{0CB14277-BCD8-3FAD-014C-B5246C9919EC}.Release|Any CPU.ActiveCfg = Release|Any CPU
		{0CB14277-BCD8-3FAD-014C-B5246C9919EC}.Release|Any CPU.Build.0 = Release|Any CPU
		{C334D6C5-485C-F122-C40F-D98A0FD8590F}.Debug|Any CPU.ActiveCfg = Debug|Any CPU
		{C334D6C5-485C-F122-C40F-D98A0FD8590F}.Debug|Any CPU.Build.0 = Debug|Any CPU
		{C334D6C5-485C-F122-C40F-D98A0FD8590F}.Release|Any CPU.ActiveCfg = Release|Any CPU
		{C334D6C5-485C-F122-C40F-D98A0FD8590F}.Release|Any CPU.Build.0 = Release|Any CPU
		{47046BE4-5561-61A7-C3C9-58A408EE0F81}.Debug|Any CPU.ActiveCfg = Debug|Any CPU
		{47046BE4-5561-61A7-C3C9-58A408EE0F81}.Debug|Any CPU.Build.0 = Debug|Any CPU
		{47046BE4-5561-61A7-C3C9-58A408EE0F81}.Release|Any CPU.ActiveCfg = Release|Any CPU
		{47046BE4-5561-61A7-C3C9-58A408EE0F81}.Release|Any CPU.Build.0 = Release|Any CPU
		{524440F1-8FAE-215E-5A39-EEA6C3B6B2D7}.Debug|Any CPU.ActiveCfg = Debug|Any CPU
		{524440F1-8FAE-215E-5A39-EEA6C3B6B2D7}.Debug|Any CPU.Build.0 = Debug|Any CPU
		{524440F1-8FAE-215E-5A39-EEA6C3B6B2D7}.Release|Any CPU.ActiveCfg = Release|Any CPU
		{524440F1-8FAE-215E-5A39-EEA6C3B6B2D7}.Release|Any CPU.Build.0 = Release|Any CPU
		{66A049B4-3073-A1FE-A9DA-9AE0FF88E5C6}.Debug|Any CPU.ActiveCfg = Debug|Any CPU
		{66A049B4-3073-A1FE-A9DA-9AE0FF88E5C6}.Debug|Any CPU.Build.0 = Debug|Any CPU
		{66A049B4-3073-A1FE-A9DA-9AE0FF88E5C6}.Release|Any CPU.ActiveCfg = Release|Any CPU
		{66A049B4-3073-A1FE-A9DA-9AE0FF88E5C6}.Release|Any CPU.Build.0 = Release|Any CPU
	EndGlobalSection
	GlobalSection(SolutionProperties) = preSolution
		HideSolutionNode = FALSE
	EndGlobalSection
EndGlobal
